
Microsoft Visual Studio Solution File, Format Version 12.00
# Visual Studio 15
VisualStudioVersion = 15.0.27703.2018
MinimumVisualStudioVersion = 10.0.40219.1
Project("{FAE04EC0-301F-11D3-BF4B-00C04F79EFBC}") = "Phoneword.Android", "Phoneword\Phoneword.Android\Phoneword.Android.csproj", "{F6E7D1C6-0DC4-4529-922B-D1122803DD08}"
EndProject
Project("{FAE04EC0-301F-11D3-BF4B-00C04F79EFBC}") = "Phoneword.iOS", "Phoneword\Phoneword.iOS\Phoneword.iOS.csproj", "{654FE9C8-4557-40DF-9A78-43F599362EFD}"
EndProject
Project("{FAE04EC0-301F-11D3-BF4B-00C04F79EFBC}") = "Phoneword.UWP", "Phoneword\Phoneword.UWP\Phoneword.UWP.csproj", "{B8DDD046-CD55-4D45-9B02-A4D221B449DE}"
EndProject
Project("{FAE04EC0-301F-11D3-BF4B-00C04F79EFBC}") = "Phoneword", "Phoneword\Phoneword\Phoneword.csproj", "{1FDB4996-BA45-4B29-904C-0700B1000A97}"
EndProject
Global
	GlobalSection(SolutionConfigurationPlatforms) = preSolution
		Ad-Hoc|Any CPU = Ad-Hoc|Any CPU
		Ad-Hoc|ARM = Ad-Hoc|ARM
		Ad-Hoc|iPhone = Ad-Hoc|iPhone
		Ad-Hoc|iPhoneSimulator = Ad-Hoc|iPhoneSimulator
		Ad-Hoc|x64 = Ad-Hoc|x64
		Ad-Hoc|x86 = Ad-Hoc|x86
		AppStore|Any CPU = AppStore|Any CPU
		AppStore|ARM = AppStore|ARM
		AppStore|iPhone = AppStore|iPhone
		AppStore|iPhoneSimulator = AppStore|iPhoneSimulator
		AppStore|x64 = AppStore|x64
		AppStore|x86 = AppStore|x86
		Debug|Any CPU = Debug|Any CPU
		Debug|ARM = Debug|ARM
		Debug|iPhone = Debug|iPhone
		Debug|iPhoneSimulator = Debug|iPhoneSimulator
		Debug|x64 = Debug|x64
		Debug|x86 = Debug|x86
		Release|Any CPU = Release|Any CPU
		Release|ARM = Release|ARM
		Release|iPhone = Release|iPhone
		Release|iPhoneSimulator = Release|iPhoneSimulator
		Release|x64 = Release|x64
		Release|x86 = Release|x86
	EndGlobalSection
	GlobalSection(ProjectConfigurationPlatforms) = postSolution
		{F6E7D1C6-0DC4-4529-922B-D1122803DD08}.Ad-Hoc|Any CPU.ActiveCfg = Release|Any CPU
		{F6E7D1C6-0DC4-4529-922B-D1122803DD08}.Ad-Hoc|Any CPU.Build.0 = Release|Any CPU
		{F6E7D1C6-0DC4-4529-922B-D1122803DD08}.Ad-Hoc|Any CPU.Deploy.0 = Release|Any CPU
		{F6E7D1C6-0DC4-4529-922B-D1122803DD08}.Ad-Hoc|ARM.ActiveCfg = Release|Any CPU
		{F6E7D1C6-0DC4-4529-922B-D1122803DD08}.Ad-Hoc|ARM.Build.0 = Release|Any CPU
		{F6E7D1C6-0DC4-4529-922B-D1122803DD08}.Ad-Hoc|ARM.Deploy.0 = Release|Any CPU
		{F6E7D1C6-0DC4-4529-922B-D1122803DD08}.Ad-Hoc|iPhone.ActiveCfg = Release|Any CPU
		{F6E7D1C6-0DC4-4529-922B-D1122803DD08}.Ad-Hoc|iPhone.Build.0 = Release|Any CPU
		{F6E7D1C6-0DC4-4529-922B-D1122803DD08}.Ad-Hoc|iPhone.Deploy.0 = Release|Any CPU
		{F6E7D1C6-0DC4-4529-922B-D1122803DD08}.Ad-Hoc|iPhoneSimulator.ActiveCfg = Release|Any CPU
		{F6E7D1C6-0DC4-4529-922B-D1122803DD08}.Ad-Hoc|iPhoneSimulator.Build.0 = Release|Any CPU
		{F6E7D1C6-0DC4-4529-922B-D1122803DD08}.Ad-Hoc|iPhoneSimulator.Deploy.0 = Release|Any CPU
		{F6E7D1C6-0DC4-4529-922B-D1122803DD08}.Ad-Hoc|x64.ActiveCfg = Release|Any CPU
		{F6E7D1C6-0DC4-4529-922B-D1122803DD08}.Ad-Hoc|x64.Build.0 = Release|Any CPU
		{F6E7D1C6-0DC4-4529-922B-D1122803DD08}.Ad-Hoc|x64.Deploy.0 = Release|Any CPU
		{F6E7D1C6-0DC4-4529-922B-D1122803DD08}.Ad-Hoc|x86.ActiveCfg = Release|Any CPU
		{F6E7D1C6-0DC4-4529-922B-D1122803DD08}.Ad-Hoc|x86.Build.0 = Release|Any CPU
		{F6E7D1C6-0DC4-4529-922B-D1122803DD08}.Ad-Hoc|x86.Deploy.0 = Release|Any CPU
		{F6E7D1C6-0DC4-4529-922B-D1122803DD08}.AppStore|Any CPU.ActiveCfg = Release|Any CPU
		{F6E7D1C6-0DC4-4529-922B-D1122803DD08}.AppStore|Any CPU.Build.0 = Release|Any CPU
		{F6E7D1C6-0DC4-4529-922B-D1122803DD08}.AppStore|Any CPU.Deploy.0 = Release|Any CPU
		{F6E7D1C6-0DC4-4529-922B-D1122803DD08}.AppStore|ARM.ActiveCfg = Release|Any CPU
		{F6E7D1C6-0DC4-4529-922B-D1122803DD08}.AppStore|ARM.Build.0 = Release|Any CPU
		{F6E7D1C6-0DC4-4529-922B-D1122803DD08}.AppStore|ARM.Deploy.0 = Release|Any CPU
		{F6E7D1C6-0DC4-4529-922B-D1122803DD08}.AppStore|iPhone.ActiveCfg = Release|Any CPU
		{F6E7D1C6-0DC4-4529-922B-D1122803DD08}.AppStore|iPhone.Build.0 = Release|Any CPU
		{F6E7D1C6-0DC4-4529-922B-D1122803DD08}.AppStore|iPhone.Deploy.0 = Release|Any CPU
		{F6E7D1C6-0DC4-4529-922B-D1122803DD08}.AppStore|iPhoneSimulator.ActiveCfg = Release|Any CPU
		{F6E7D1C6-0DC4-4529-922B-D1122803DD08}.AppStore|iPhoneSimulator.Build.0 = Release|Any CPU
		{F6E7D1C6-0DC4-4529-922B-D1122803DD08}.AppStore|iPhoneSimulator.Deploy.0 = Release|Any CPU
		{F6E7D1C6-0DC4-4529-922B-D1122803DD08}.AppStore|x64.ActiveCfg = Release|Any CPU
		{F6E7D1C6-0DC4-4529-922B-D1122803DD08}.AppStore|x64.Build.0 = Release|Any CPU
		{F6E7D1C6-0DC4-4529-922B-D1122803DD08}.AppStore|x64.Deploy.0 = Release|Any CPU
		{F6E7D1C6-0DC4-4529-922B-D1122803DD08}.AppStore|x86.ActiveCfg = Release|Any CPU
		{F6E7D1C6-0DC4-4529-922B-D1122803DD08}.AppStore|x86.Build.0 = Release|Any CPU
		{F6E7D1C6-0DC4-4529-922B-D1122803DD08}.AppStore|x86.Deploy.0 = Release|Any CPU
		{F6E7D1C6-0DC4-4529-922B-D1122803DD08}.Debug|Any CPU.ActiveCfg = Debug|Any CPU
		{F6E7D1C6-0DC4-4529-922B-D1122803DD08}.Debug|Any CPU.Build.0 = Debug|Any CPU
		{F6E7D1C6-0DC4-4529-922B-D1122803DD08}.Debug|Any CPU.Deploy.0 = Debug|Any CPU
		{F6E7D1C6-0DC4-4529-922B-D1122803DD08}.Debug|ARM.ActiveCfg = Debug|Any CPU
		{F6E7D1C6-0DC4-4529-922B-D1122803DD08}.Debug|ARM.Build.0 = Debug|Any CPU
		{F6E7D1C6-0DC4-4529-922B-D1122803DD08}.Debug|ARM.Deploy.0 = Debug|Any CPU
		{F6E7D1C6-0DC4-4529-922B-D1122803DD08}.Debug|iPhone.ActiveCfg = Debug|Any CPU
		{F6E7D1C6-0DC4-4529-922B-D1122803DD08}.Debug|iPhone.Build.0 = Debug|Any CPU
		{F6E7D1C6-0DC4-4529-922B-D1122803DD08}.Debug|iPhone.Deploy.0 = Debug|Any CPU
		{F6E7D1C6-0DC4-4529-922B-D1122803DD08}.Debug|iPhoneSimulator.ActiveCfg = Debug|Any CPU
		{F6E7D1C6-0DC4-4529-922B-D1122803DD08}.Debug|iPhoneSimulator.Build.0 = Debug|Any CPU
		{F6E7D1C6-0DC4-4529-922B-D1122803DD08}.Debug|iPhoneSimulator.Deploy.0 = Debug|Any CPU
		{F6E7D1C6-0DC4-4529-922B-D1122803DD08}.Debug|x64.ActiveCfg = Debug|Any CPU
		{F6E7D1C6-0DC4-4529-922B-D1122803DD08}.Debug|x64.Build.0 = Debug|Any CPU
		{F6E7D1C6-0DC4-4529-922B-D1122803DD08}.Debug|x64.Deploy.0 = Debug|Any CPU
		{F6E7D1C6-0DC4-4529-922B-D1122803DD08}.Debug|x86.ActiveCfg = Debug|Any CPU
		{F6E7D1C6-0DC4-4529-922B-D1122803DD08}.Debug|x86.Build.0 = Debug|Any CPU
		{F6E7D1C6-0DC4-4529-922B-D1122803DD08}.Debug|x86.Deploy.0 = Debug|Any CPU
		{F6E7D1C6-0DC4-4529-922B-D1122803DD08}.Release|Any CPU.ActiveCfg = Release|Any CPU
		{F6E7D1C6-0DC4-4529-922B-D1122803DD08}.Release|Any CPU.Build.0 = Release|Any CPU
		{F6E7D1C6-0DC4-4529-922B-D1122803DD08}.Release|Any CPU.Deploy.0 = Release|Any CPU
		{F6E7D1C6-0DC4-4529-922B-D1122803DD08}.Release|ARM.ActiveCfg = Release|Any CPU
		{F6E7D1C6-0DC4-4529-922B-D1122803DD08}.Release|ARM.Build.0 = Release|Any CPU
		{F6E7D1C6-0DC4-4529-922B-D1122803DD08}.Release|ARM.Deploy.0 = Release|Any CPU
		{F6E7D1C6-0DC4-4529-922B-D1122803DD08}.Release|iPhone.ActiveCfg = Release|Any CPU
		{F6E7D1C6-0DC4-4529-922B-D1122803DD08}.Release|iPhone.Build.0 = Release|Any CPU
		{F6E7D1C6-0DC4-4529-922B-D1122803DD08}.Release|iPhone.Deploy.0 = Release|Any CPU
		{F6E7D1C6-0DC4-4529-922B-D1122803DD08}.Release|iPhoneSimulator.ActiveCfg = Release|Any CPU
		{F6E7D1C6-0DC4-4529-922B-D1122803DD08}.Release|iPhoneSimulator.Build.0 = Release|Any CPU
		{F6E7D1C6-0DC4-4529-922B-D1122803DD08}.Release|iPhoneSimulator.Deploy.0 = Release|Any CPU
		{F6E7D1C6-0DC4-4529-922B-D1122803DD08}.Release|x64.ActiveCfg = Release|Any CPU
		{F6E7D1C6-0DC4-4529-922B-D1122803DD08}.Release|x64.Build.0 = Release|Any CPU
		{F6E7D1C6-0DC4-4529-922B-D1122803DD08}.Release|x64.Deploy.0 = Release|Any CPU
		{F6E7D1C6-0DC4-4529-922B-D1122803DD08}.Release|x86.ActiveCfg = Release|Any CPU
		{F6E7D1C6-0DC4-4529-922B-D1122803DD08}.Release|x86.Build.0 = Release|Any CPU
		{F6E7D1C6-0DC4-4529-922B-D1122803DD08}.Release|x86.Deploy.0 = Release|Any CPU
		{654FE9C8-4557-40DF-9A78-43F599362EFD}.Ad-Hoc|Any CPU.ActiveCfg = Ad-Hoc|iPhone
		{654FE9C8-4557-40DF-9A78-43F599362EFD}.Ad-Hoc|Any CPU.Build.0 = Ad-Hoc|iPhone
		{654FE9C8-4557-40DF-9A78-43F599362EFD}.Ad-Hoc|Any CPU.Deploy.0 = Ad-Hoc|iPhone
		{654FE9C8-4557-40DF-9A78-43F599362EFD}.Ad-Hoc|ARM.ActiveCfg = Ad-Hoc|iPhone
		{654FE9C8-4557-40DF-9A78-43F599362EFD}.Ad-Hoc|ARM.Build.0 = Ad-Hoc|iPhone
		{654FE9C8-4557-40DF-9A78-43F599362EFD}.Ad-Hoc|ARM.Deploy.0 = Ad-Hoc|iPhone
		{654FE9C8-4557-40DF-9A78-43F599362EFD}.Ad-Hoc|iPhone.ActiveCfg = Ad-Hoc|iPhone
		{654FE9C8-4557-40DF-9A78-43F599362EFD}.Ad-Hoc|iPhone.Build.0 = Ad-Hoc|iPhone
		{654FE9C8-4557-40DF-9A78-43F599362EFD}.Ad-Hoc|iPhone.Deploy.0 = Ad-Hoc|iPhone
		{654FE9C8-4557-40DF-9A78-43F599362EFD}.Ad-Hoc|iPhoneSimulator.ActiveCfg = Ad-Hoc|iPhoneSimulator
		{654FE9C8-4557-40DF-9A78-43F599362EFD}.Ad-Hoc|iPhoneSimulator.Build.0 = Ad-Hoc|iPhoneSimulator
		{654FE9C8-4557-40DF-9A78-43F599362EFD}.Ad-Hoc|iPhoneSimulator.Deploy.0 = Ad-Hoc|iPhoneSimulator
		{654FE9C8-4557-40DF-9A78-43F599362EFD}.Ad-Hoc|x64.ActiveCfg = Ad-Hoc|iPhone
		{654FE9C8-4557-40DF-9A78-43F599362EFD}.Ad-Hoc|x64.Build.0 = Ad-Hoc|iPhone
		{654FE9C8-4557-40DF-9A78-43F599362EFD}.Ad-Hoc|x64.Deploy.0 = Ad-Hoc|iPhone
		{654FE9C8-4557-40DF-9A78-43F599362EFD}.Ad-Hoc|x86.ActiveCfg = Ad-Hoc|iPhone
		{654FE9C8-4557-40DF-9A78-43F599362EFD}.Ad-Hoc|x86.Build.0 = Ad-Hoc|iPhone
		{654FE9C8-4557-40DF-9A78-43F599362EFD}.Ad-Hoc|x86.Deploy.0 = Ad-Hoc|iPhone
		{654FE9C8-4557-40DF-9A78-43F599362EFD}.AppStore|Any CPU.ActiveCfg = AppStore|iPhone
		{654FE9C8-4557-40DF-9A78-43F599362EFD}.AppStore|Any CPU.Build.0 = AppStore|iPhone
		{654FE9C8-4557-40DF-9A78-43F599362EFD}.AppStore|Any CPU.Deploy.0 = AppStore|iPhone
		{654FE9C8-4557-40DF-9A78-43F599362EFD}.AppStore|ARM.ActiveCfg = AppStore|iPhone
		{654FE9C8-4557-40DF-9A78-43F599362EFD}.AppStore|ARM.Build.0 = AppStore|iPhone
		{654FE9C8-4557-40DF-9A78-43F599362EFD}.AppStore|ARM.Deploy.0 = AppStore|iPhone
		{654FE9C8-4557-40DF-9A78-43F599362EFD}.AppStore|iPhone.ActiveCfg = AppStore|iPhone
		{654FE9C8-4557-40DF-9A78-43F599362EFD}.AppStore|iPhone.Build.0 = AppStore|iPhone
		{654FE9C8-4557-40DF-9A78-43F599362EFD}.AppStore|iPhone.Deploy.0 = AppStore|iPhone
		{654FE9C8-4557-40DF-9A78-43F599362EFD}.AppStore|iPhoneSimulator.ActiveCfg = AppStore|iPhoneSimulator
		{654FE9C8-4557-40DF-9A78-43F599362EFD}.AppStore|iPhoneSimulator.Build.0 = AppStore|iPhoneSimulator
		{654FE9C8-4557-40DF-9A78-43F599362EFD}.AppStore|iPhoneSimulator.Deploy.0 = AppStore|iPhoneSimulator
		{654FE9C8-4557-40DF-9A78-43F599362EFD}.AppStore|x64.ActiveCfg = AppStore|iPhone
		{654FE9C8-4557-40DF-9A78-43F599362EFD}.AppStore|x64.Build.0 = AppStore|iPhone
		{654FE9C8-4557-40DF-9A78-43F599362EFD}.AppStore|x64.Deploy.0 = AppStore|iPhone
		{654FE9C8-4557-40DF-9A78-43F599362EFD}.AppStore|x86.ActiveCfg = AppStore|iPhone
		{654FE9C8-4557-40DF-9A78-43F599362EFD}.AppStore|x86.Build.0 = AppStore|iPhone
		{654FE9C8-4557-40DF-9A78-43F599362EFD}.AppStore|x86.Deploy.0 = AppStore|iPhone
		{654FE9C8-4557-40DF-9A78-43F599362EFD}.Debug|Any CPU.ActiveCfg = Debug|iPhoneSimulator
		{654FE9C8-4557-40DF-9A78-43F599362EFD}.Debug|Any CPU.Build.0 = Debug|iPhoneSimulator
		{654FE9C8-4557-40DF-9A78-43F599362EFD}.Debug|Any CPU.Deploy.0 = Debug|iPhoneSimulator
		{654FE9C8-4557-40DF-9A78-43F599362EFD}.Debug|ARM.ActiveCfg = Debug|iPhone
		{654FE9C8-4557-40DF-9A78-43F599362EFD}.Debug|ARM.Build.0 = Debug|iPhone
		{654FE9C8-4557-40DF-9A78-43F599362EFD}.Debug|ARM.Deploy.0 = Debug|iPhone
		{654FE9C8-4557-40DF-9A78-43F599362EFD}.Debug|iPhone.ActiveCfg = Debug|iPhone
		{654FE9C8-4557-40DF-9A78-43F599362EFD}.Debug|iPhone.Build.0 = Debug|iPhone
		{654FE9C8-4557-40DF-9A78-43F599362EFD}.Debug|iPhone.Deploy.0 = Debug|iPhone
		{654FE9C8-4557-40DF-9A78-43F599362EFD}.Debug|iPhoneSimulator.ActiveCfg = Debug|iPhoneSimulator
		{654FE9C8-4557-40DF-9A78-43F599362EFD}.Debug|iPhoneSimulator.Build.0 = Debug|iPhoneSimulator
		{654FE9C8-4557-40DF-9A78-43F599362EFD}.Debug|iPhoneSimulator.Deploy.0 = Debug|iPhoneSimulator
		{654FE9C8-4557-40DF-9A78-43F599362EFD}.Debug|x64.ActiveCfg = Debug|iPhone
		{654FE9C8-4557-40DF-9A78-43F599362EFD}.Debug|x64.Build.0 = Debug|iPhone
		{654FE9C8-4557-40DF-9A78-43F599362EFD}.Debug|x64.Deploy.0 = Debug|iPhone
		{654FE9C8-4557-40DF-9A78-43F599362EFD}.Debug|x86.ActiveCfg = Debug|iPhone
		{654FE9C8-4557-40DF-9A78-43F599362EFD}.Debug|x86.Build.0 = Debug|iPhone
		{654FE9C8-4557-40DF-9A78-43F599362EFD}.Debug|x86.Deploy.0 = Debug|iPhone
		{654FE9C8-4557-40DF-9A78-43F599362EFD}.Release|Any CPU.ActiveCfg = Release|iPhone
		{654FE9C8-4557-40DF-9A78-43F599362EFD}.Release|Any CPU.Build.0 = Release|iPhone
		{654FE9C8-4557-40DF-9A78-43F599362EFD}.Release|Any CPU.Deploy.0 = Release|iPhone
		{654FE9C8-4557-40DF-9A78-43F599362EFD}.Release|ARM.ActiveCfg = Release|iPhone
		{654FE9C8-4557-40DF-9A78-43F599362EFD}.Release|ARM.Build.0 = Release|iPhone
		{654FE9C8-4557-40DF-9A78-43F599362EFD}.Release|ARM.Deploy.0 = Release|iPhone
		{654FE9C8-4557-40DF-9A78-43F599362EFD}.Release|iPhone.ActiveCfg = Release|iPhone
		{654FE9C8-4557-40DF-9A78-43F599362EFD}.Release|iPhone.Build.0 = Release|iPhone
		{654FE9C8-4557-40DF-9A78-43F599362EFD}.Release|iPhone.Deploy.0 = Release|iPhone
		{654FE9C8-4557-40DF-9A78-43F599362EFD}.Release|iPhoneSimulator.ActiveCfg = Release|iPhoneSimulator
		{654FE9C8-4557-40DF-9A78-43F599362EFD}.Release|iPhoneSimulator.Build.0 = Release|iPhoneSimulator
		{654FE9C8-4557-40DF-9A78-43F599362EFD}.Release|iPhoneSimulator.Deploy.0 = Release|iPhoneSimulator
		{654FE9C8-4557-40DF-9A78-43F599362EFD}.Release|x64.ActiveCfg = Release|iPhone
		{654FE9C8-4557-40DF-9A78-43F599362EFD}.Release|x64.Build.0 = Release|iPhone
		{654FE9C8-4557-40DF-9A78-43F599362EFD}.Release|x64.Deploy.0 = Release|iPhone
		{654FE9C8-4557-40DF-9A78-43F599362EFD}.Release|x86.ActiveCfg = Release|iPhone
		{654FE9C8-4557-40DF-9A78-43F599362EFD}.Release|x86.Build.0 = Release|iPhone
		{654FE9C8-4557-40DF-9A78-43F599362EFD}.Release|x86.Deploy.0 = Release|iPhone
		{B8DDD046-CD55-4D45-9B02-A4D221B449DE}.Ad-Hoc|Any CPU.ActiveCfg = Release|x86
		{B8DDD046-CD55-4D45-9B02-A4D221B449DE}.Ad-Hoc|Any CPU.Build.0 = Release|x86
		{B8DDD046-CD55-4D45-9B02-A4D221B449DE}.Ad-Hoc|Any CPU.Deploy.0 = Release|x86
		{B8DDD046-CD55-4D45-9B02-A4D221B449DE}.Ad-Hoc|ARM.ActiveCfg = Release|ARM
		{B8DDD046-CD55-4D45-9B02-A4D221B449DE}.Ad-Hoc|ARM.Build.0 = Release|ARM
		{B8DDD046-CD55-4D45-9B02-A4D221B449DE}.Ad-Hoc|ARM.Deploy.0 = Release|ARM
		{B8DDD046-CD55-4D45-9B02-A4D221B449DE}.Ad-Hoc|iPhone.ActiveCfg = Release|x86
		{B8DDD046-CD55-4D45-9B02-A4D221B449DE}.Ad-Hoc|iPhone.Build.0 = Release|x86
		{B8DDD046-CD55-4D45-9B02-A4D221B449DE}.Ad-Hoc|iPhone.Deploy.0 = Release|x86
		{B8DDD046-CD55-4D45-9B02-A4D221B449DE}.Ad-Hoc|iPhoneSimulator.ActiveCfg = Release|x86
		{B8DDD046-CD55-4D45-9B02-A4D221B449DE}.Ad-Hoc|iPhoneSimulator.Build.0 = Release|x86
		{B8DDD046-CD55-4D45-9B02-A4D221B449DE}.Ad-Hoc|iPhoneSimulator.Deploy.0 = Release|x86
		{B8DDD046-CD55-4D45-9B02-A4D221B449DE}.Ad-Hoc|x64.ActiveCfg = Release|x64
		{B8DDD046-CD55-4D45-9B02-A4D221B449DE}.Ad-Hoc|x64.Build.0 = Release|x64
		{B8DDD046-CD55-4D45-9B02-A4D221B449DE}.Ad-Hoc|x64.Deploy.0 = Release|x64
		{B8DDD046-CD55-4D45-9B02-A4D221B449DE}.Ad-Hoc|x86.ActiveCfg = Release|x86
		{B8DDD046-CD55-4D45-9B02-A4D221B449DE}.Ad-Hoc|x86.Build.0 = Release|x86
		{B8DDD046-CD55-4D45-9B02-A4D221B449DE}.Ad-Hoc|x86.Deploy.0 = Release|x86
		{B8DDD046-CD55-4D45-9B02-A4D221B449DE}.AppStore|Any CPU.ActiveCfg = Release|x86
		{B8DDD046-CD55-4D45-9B02-A4D221B449DE}.AppStore|Any CPU.Build.0 = Release|x86
		{B8DDD046-CD55-4D45-9B02-A4D221B449DE}.AppStore|Any CPU.Deploy.0 = Release|x86
		{B8DDD046-CD55-4D45-9B02-A4D221B449DE}.AppStore|ARM.ActiveCfg = Release|ARM
		{B8DDD046-CD55-4D45-9B02-A4D221B449DE}.AppStore|ARM.Build.0 = Release|ARM
		{B8DDD046-CD55-4D45-9B02-A4D221B449DE}.AppStore|ARM.Deploy.0 = Release|ARM
		{B8DDD046-CD55-4D45-9B02-A4D221B449DE}.AppStore|iPhone.ActiveCfg = Release|x86
		{B8DDD046-CD55-4D45-9B02-A4D221B449DE}.AppStore|iPhone.Build.0 = Release|x86
		{B8DDD046-CD55-4D45-9B02-A4D221B449DE}.AppStore|iPhone.Deploy.0 = Release|x86
		{B8DDD046-CD55-4D45-9B02-A4D221B449DE}.AppStore|iPhoneSimulator.ActiveCfg = Release|x86
		{B8DDD046-CD55-4D45-9B02-A4D221B449DE}.AppStore|iPhoneSimulator.Build.0 = Release|x86
		{B8DDD046-CD55-4D45-9B02-A4D221B449DE}.AppStore|iPhoneSimulator.Deploy.0 = Release|x86
		{B8DDD046-CD55-4D45-9B02-A4D221B449DE}.AppStore|x64.ActiveCfg = Release|x64
		{B8DDD046-CD55-4D45-9B02-A4D221B449DE}.AppStore|x64.Build.0 = Release|x64
		{B8DDD046-CD55-4D45-9B02-A4D221B449DE}.AppStore|x64.Deploy.0 = Release|x64
		{B8DDD046-CD55-4D45-9B02-A4D221B449DE}.AppStore|x86.ActiveCfg = Release|x86
		{B8DDD046-CD55-4D45-9B02-A4D221B449DE}.AppStore|x86.Build.0 = Release|x86
		{B8DDD046-CD55-4D45-9B02-A4D221B449DE}.AppStore|x86.Deploy.0 = Release|x86
		{B8DDD046-CD55-4D45-9B02-A4D221B449DE}.Debug|Any CPU.ActiveCfg = Debug|x86
		{B8DDD046-CD55-4D45-9B02-A4D221B449DE}.Debug|Any CPU.Build.0 = Debug|x86
		{B8DDD046-CD55-4D45-9B02-A4D221B449DE}.Debug|Any CPU.Deploy.0 = Debug|x86
		{B8DDD046-CD55-4D45-9B02-A4D221B449DE}.Debug|ARM.ActiveCfg = Debug|ARM
		{B8DDD046-CD55-4D45-9B02-A4D221B449DE}.Debug|ARM.Build.0 = Debug|ARM
		{B8DDD046-CD55-4D45-9B02-A4D221B449DE}.Debug|ARM.Deploy.0 = Debug|ARM
		{B8DDD046-CD55-4D45-9B02-A4D221B449DE}.Debug|iPhone.ActiveCfg = Debug|x86
		{B8DDD046-CD55-4D45-9B02-A4D221B449DE}.Debug|iPhone.Build.0 = Debug|x86
		{B8DDD046-CD55-4D45-9B02-A4D221B449DE}.Debug|iPhone.Deploy.0 = Debug|x86
		{B8DDD046-CD55-4D45-9B02-A4D221B449DE}.Debug|iPhoneSimulator.ActiveCfg = Debug|x86
		{B8DDD046-CD55-4D45-9B02-A4D221B449DE}.Debug|iPhoneSimulator.Build.0 = Debug|x86
		{B8DDD046-CD55-4D45-9B02-A4D221B449DE}.Debug|iPhoneSimulator.Deploy.0 = Debug|x86
		{B8DDD046-CD55-4D45-9B02-A4D221B449DE}.Debug|x64.ActiveCfg = Debug|x64
		{B8DDD046-CD55-4D45-9B02-A4D221B449DE}.Debug|x64.Build.0 = Debug|x64
		{B8DDD046-CD55-4D45-9B02-A4D221B449DE}.Debug|x64.Deploy.0 = Debug|x64
		{B8DDD046-CD55-4D45-9B02-A4D221B449DE}.Debug|x86.ActiveCfg = Debug|x86
		{B8DDD046-CD55-4D45-9B02-A4D221B449DE}.Debug|x86.Build.0 = Debug|x86
		{B8DDD046-CD55-4D45-9B02-A4D221B449DE}.Debug|x86.Deploy.0 = Debug|x86
		{B8DDD046-CD55-4D45-9B02-A4D221B449DE}.Release|Any CPU.ActiveCfg = Release|x86
		{B8DDD046-CD55-4D45-9B02-A4D221B449DE}.Release|Any CPU.Build.0 = Release|x86
		{B8DDD046-CD55-4D45-9B02-A4D221B449DE}.Release|Any CPU.Deploy.0 = Release|x86
		{B8DDD046-CD55-4D45-9B02-A4D221B449DE}.Release|ARM.ActiveCfg = Release|ARM
		{B8DDD046-CD55-4D45-9B02-A4D221B449DE}.Release|ARM.Build.0 = Release|ARM
		{B8DDD046-CD55-4D45-9B02-A4D221B449DE}.Release|ARM.Deploy.0 = Release|ARM
		{B8DDD046-CD55-4D45-9B02-A4D221B449DE}.Release|iPhone.ActiveCfg = Release|x86
		{B8DDD046-CD55-4D45-9B02-A4D221B449DE}.Release|iPhone.Build.0 = Release|x86
		{B8DDD046-CD55-4D45-9B02-A4D221B449DE}.Release|iPhone.Deploy.0 = Release|x86
		{B8DDD046-CD55-4D45-9B02-A4D221B449DE}.Release|iPhoneSimulator.ActiveCfg = Release|x86
		{B8DDD046-CD55-4D45-9B02-A4D221B449DE}.Release|iPhoneSimulator.Build.0 = Release|x86
		{B8DDD046-CD55-4D45-9B02-A4D221B449DE}.Release|iPhoneSimulator.Deploy.0 = Release|x86
		{B8DDD046-CD55-4D45-9B02-A4D221B449DE}.Release|x64.ActiveCfg = Release|x64
		{B8DDD046-CD55-4D45-9B02-A4D221B449DE}.Release|x64.Build.0 = Release|x64
		{B8DDD046-CD55-4D45-9B02-A4D221B449DE}.Release|x64.Deploy.0 = Release|x64
		{B8DDD046-CD55-4D45-9B02-A4D221B449DE}.Release|x86.ActiveCfg = Release|x86
		{B8DDD046-CD55-4D45-9B02-A4D221B449DE}.Release|x86.Build.0 = Release|x86
		{B8DDD046-CD55-4D45-9B02-A4D221B449DE}.Release|x86.Deploy.0 = Release|x86
		{1FDB4996-BA45-4B29-904C-0700B1000A97}.Ad-Hoc|Any CPU.ActiveCfg = Debug|Any CPU
		{1FDB4996-BA45-4B29-904C-0700B1000A97}.Ad-Hoc|Any CPU.Build.0 = Debug|Any CPU
		{1FDB4996-BA45-4B29-904C-0700B1000A97}.Ad-Hoc|Any CPU.Deploy.0 = Debug|Any CPU
		{1FDB4996-BA45-4B29-904C-0700B1000A97}.Ad-Hoc|ARM.ActiveCfg = Debug|Any CPU
		{1FDB4996-BA45-4B29-904C-0700B1000A97}.Ad-Hoc|ARM.Build.0 = Debug|Any CPU
		{1FDB4996-BA45-4B29-904C-0700B1000A97}.Ad-Hoc|ARM.Deploy.0 = Debug|Any CPU
		{1FDB4996-BA45-4B29-904C-0700B1000A97}.Ad-Hoc|iPhone.ActiveCfg = Debug|Any CPU
		{1FDB4996-BA45-4B29-904C-0700B1000A97}.Ad-Hoc|iPhone.Build.0 = Debug|Any CPU
		{1FDB4996-BA45-4B29-904C-0700B1000A97}.Ad-Hoc|iPhone.Deploy.0 = Debug|Any CPU
		{1FDB4996-BA45-4B29-904C-0700B1000A97}.Ad-Hoc|iPhoneSimulator.ActiveCfg = Debug|Any CPU
		{1FDB4996-BA45-4B29-904C-0700B1000A97}.Ad-Hoc|iPhoneSimulator.Build.0 = Debug|Any CPU
		{1FDB4996-BA45-4B29-904C-0700B1000A97}.Ad-Hoc|iPhoneSimulator.Deploy.0 = Debug|Any CPU
		{1FDB4996-BA45-4B29-904C-0700B1000A97}.Ad-Hoc|x64.ActiveCfg = Debug|Any CPU
		{1FDB4996-BA45-4B29-904C-0700B1000A97}.Ad-Hoc|x64.Build.0 = Debug|Any CPU
		{1FDB4996-BA45-4B29-904C-0700B1000A97}.Ad-Hoc|x64.Deploy.0 = Debug|Any CPU
		{1FDB4996-BA45-4B29-904C-0700B1000A97}.Ad-Hoc|x86.ActiveCfg = Debug|Any CPU
		{1FDB4996-BA45-4B29-904C-0700B1000A97}.Ad-Hoc|x86.Build.0 = Debug|Any CPU
		{1FDB4996-BA45-4B29-904C-0700B1000A97}.Ad-Hoc|x86.Deploy.0 = Debug|Any CPU
		{1FDB4996-BA45-4B29-904C-0700B1000A97}.AppStore|Any CPU.ActiveCfg = Debug|Any CPU
		{1FDB4996-BA45-4B29-904C-0700B1000A97}.AppStore|Any CPU.Build.0 = Debug|Any CPU
		{1FDB4996-BA45-4B29-904C-0700B1000A97}.AppStore|Any CPU.Deploy.0 = Debug|Any CPU
		{1FDB4996-BA45-4B29-904C-0700B1000A97}.AppStore|ARM.ActiveCfg = Debug|Any CPU
		{1FDB4996-BA45-4B29-904C-0700B1000A97}.AppStore|ARM.Build.0 = Debug|Any CPU
		{1FDB4996-BA45-4B29-904C-0700B1000A97}.AppStore|ARM.Deploy.0 = Debug|Any CPU
		{1FDB4996-BA45-4B29-904C-0700B1000A97}.AppStore|iPhone.ActiveCfg = Debug|Any CPU
		{1FDB4996-BA45-4B29-904C-0700B1000A97}.AppStore|iPhone.Build.0 = Debug|Any CPU
		{1FDB4996-BA45-4B29-904C-0700B1000A97}.AppStore|iPhone.Deploy.0 = Debug|Any CPU
		{1FDB4996-BA45-4B29-904C-0700B1000A97}.AppStore|iPhoneSimulator.ActiveCfg = Debug|Any CPU
		{1FDB4996-BA45-4B29-904C-0700B1000A97}.AppStore|iPhoneSimulator.Build.0 = Debug|Any CPU
		{1FDB4996-BA45-4B29-904C-0700B1000A97}.AppStore|iPhoneSimulator.Deploy.0 = Debug|Any CPU
		{1FDB4996-BA45-4B29-904C-0700B1000A97}.AppStore|x64.ActiveCfg = Debug|Any CPU
		{1FDB4996-BA45-4B29-904C-0700B1000A97}.AppStore|x64.Build.0 = Debug|Any CPU
		{1FDB4996-BA45-4B29-904C-0700B1000A97}.AppStore|x64.Deploy.0 = Debug|Any CPU
		{1FDB4996-BA45-4B29-904C-0700B1000A97}.AppStore|x86.ActiveCfg = Debug|Any CPU
		{1FDB4996-BA45-4B29-904C-0700B1000A97}.AppStore|x86.Build.0 = Debug|Any CPU
		{1FDB4996-BA45-4B29-904C-0700B1000A97}.AppStore|x86.Deploy.0 = Debug|Any CPU
		{1FDB4996-BA45-4B29-904C-0700B1000A97}.Debug|Any CPU.ActiveCfg = Debug|Any CPU
		{1FDB4996-BA45-4B29-904C-0700B1000A97}.Debug|Any CPU.Build.0 = Debug|Any CPU
		{1FDB4996-BA45-4B29-904C-0700B1000A97}.Debug|Any CPU.Deploy.0 = Debug|Any CPU
		{1FDB4996-BA45-4B29-904C-0700B1000A97}.Debug|ARM.ActiveCfg = Debug|Any CPU
		{1FDB4996-BA45-4B29-904C-0700B1000A97}.Debug|ARM.Build.0 = Debug|Any CPU
		{1FDB4996-BA45-4B29-904C-0700B1000A97}.Debug|ARM.Deploy.0 = Debug|Any CPU
		{1FDB4996-BA45-4B29-904C-0700B1000A97}.Debug|iPhone.ActiveCfg = Debug|Any CPU
		{1FDB4996-BA45-4B29-904C-0700B1000A97}.Debug|iPhone.Build.0 = Debug|Any CPU
		{1FDB4996-BA45-4B29-904C-0700B1000A97}.Debug|iPhone.Deploy.0 = Debug|Any CPU
		{1FDB4996-BA45-4B29-904C-0700B1000A97}.Debug|iPhoneSimulator.ActiveCfg = Debug|Any CPU
		{1FDB4996-BA45-4B29-904C-0700B1000A97}.Debug|iPhoneSimulator.Build.0 = Debug|Any CPU
		{1FDB4996-BA45-4B29-904C-0700B1000A97}.Debug|iPhoneSimulator.Deploy.0 = Debug|Any CPU
		{1FDB4996-BA45-4B29-904C-0700B1000A97}.Debug|x64.ActiveCfg = Debug|Any CPU
		{1FDB4996-BA45-4B29-904C-0700B1000A97}.Debug|x64.Build.0 = Debug|Any CPU
		{1FDB4996-BA45-4B29-904C-0700B1000A97}.Debug|x64.Deploy.0 = Debug|Any CPU
		{1FDB4996-BA45-4B29-904C-0700B1000A97}.Debug|x86.ActiveCfg = Debug|Any CPU
		{1FDB4996-BA45-4B29-904C-0700B1000A97}.Debug|x86.Build.0 = Debug|Any CPU
		{1FDB4996-BA45-4B29-904C-0700B1000A97}.Debug|x86.Deploy.0 = Debug|Any CPU
		{1FDB4996-BA45-4B29-904C-0700B1000A97}.Release|Any CPU.ActiveCfg = Release|Any CPU
		{1FDB4996-BA45-4B29-904C-0700B1000A97}.Release|Any CPU.Build.0 = Release|Any CPU
		{1FDB4996-BA45-4B29-904C-0700B1000A97}.Release|Any CPU.Deploy.0 = Release|Any CPU
		{1FDB4996-BA45-4B29-904C-0700B1000A97}.Release|ARM.ActiveCfg = Release|Any CPU
		{1FDB4996-BA45-4B29-904C-0700B1000A97}.Release|ARM.Build.0 = Release|Any CPU
		{1FDB4996-BA45-4B29-904C-0700B1000A97}.Release|ARM.Deploy.0 = Release|Any CPU
		{1FDB4996-BA45-4B29-904C-0700B1000A97}.Release|iPhone.ActiveCfg = Release|Any CPU
		{1FDB4996-BA45-4B29-904C-0700B1000A97}.Release|iPhone.Build.0 = Release|Any CPU
		{1FDB4996-BA45-4B29-904C-0700B1000A97}.Release|iPhone.Deploy.0 = Release|Any CPU
		{1FDB4996-BA45-4B29-904C-0700B1000A97}.Release|iPhoneSimulator.ActiveCfg = Release|Any CPU
		{1FDB4996-BA45-4B29-904C-0700B1000A97}.Release|iPhoneSimulator.Build.0 = Release|Any CPU
		{1FDB4996-BA45-4B29-904C-0700B1000A97}.Release|iPhoneSimulator.Deploy.0 = Release|Any CPU
		{1FDB4996-BA45-4B29-904C-0700B1000A97}.Release|x64.ActiveCfg = Release|Any CPU
		{1FDB4996-BA45-4B29-904C-0700B1000A97}.Release|x64.Build.0 = Release|Any CPU
		{1FDB4996-BA45-4B29-904C-0700B1000A97}.Release|x64.Deploy.0 = Release|Any CPU
		{1FDB4996-BA45-4B29-904C-0700B1000A97}.Release|x86.ActiveCfg = Release|Any CPU
		{1FDB4996-BA45-4B29-904C-0700B1000A97}.Release|x86.Build.0 = Release|Any CPU
		{1FDB4996-BA45-4B29-904C-0700B1000A97}.Release|x86.Deploy.0 = Release|Any CPU
	EndGlobalSection
	GlobalSection(SolutionProperties) = preSolution
		HideSolutionNode = FALSE
	EndGlobalSection
	GlobalSection(ExtensibilityGlobals) = postSolution
		SolutionGuid = {21127DA6-59AF-4ED3-B536-5A1BF6E2E794}
	EndGlobalSection
EndGlobal
